
Microsoft Visual Studio Solution File, Format Version 12.00
# Visual Studio 15
VisualStudioVersion = 15.0.26730.15
MinimumVisualStudioVersion = 10.0.40219.1
Project("{FAE04EC0-301F-11D3-BF4B-00C04F79EFBC}") = "Fluent.NextDateTimeExtensions.Example", "Fluent.NextDateTimeExtensions.Example\Fluent.NextDateTimeExtensions.Example.csproj", "{28102412-788F-439C-AFF6-2F5E6D719B3C}"
EndProject
Project("{FAE04EC0-301F-11D3-BF4B-00C04F79EFBC}") = "Fluent.NextDateTimeExtensions.Test", "Fluent.NextDateTimeExtensions.Test\Fluent.NextDateTimeExtensions.Test.csproj", "{431077EA-F872-4D1B-BACA-3450DC610B2A}"
EndProject
Project("{FAE04EC0-301F-11D3-BF4B-00C04F79EFBC}") = "Fluent.DateTimeExtensions", "Fluent.NextDateTimeExtensions\Fluent.DateTimeExtensions.csproj", "{C5566350-5299-492A-884B-E5A1050B42A9}"
EndProject
Global
	GlobalSection(SolutionConfigurationPlatforms) = preSolution
		Debug|Any CPU = Debug|Any CPU
		Release|Any CPU = Release|Any CPU
	EndGlobalSection
	GlobalSection(ProjectConfigurationPlatforms) = postSolution
		{28102412-788F-439C-AFF6-2F5E6D719B3C}.Debug|Any CPU.ActiveCfg = Debug|Any CPU
		{28102412-788F-439C-AFF6-2F5E6D719B3C}.Debug|Any CPU.Build.0 = Debug|Any CPU
		{28102412-788F-439C-AFF6-2F5E6D719B3C}.Release|Any CPU.ActiveCfg = Release|Any CPU
		{28102412-788F-439C-AFF6-2F5E6D719B3C}.Release|Any CPU.Build.0 = Release|Any CPU
		{431077EA-F872-4D1B-BACA-3450DC610B2A}.Debug|Any CPU.ActiveCfg = Debug|Any CPU
		{431077EA-F872-4D1B-BACA-3450DC610B2A}.Debug|Any CPU.Build.0 = Debug|Any CPU
		{431077EA-F872-4D1B-BACA-3450DC610B2A}.Release|Any CPU.ActiveCfg = Release|Any CPU
		{431077EA-F872-4D1B-BACA-3450DC610B2A}.Release|Any CPU.Build.0 = Release|Any CPU
		{C5566350-5299-492A-884B-E5A1050B42A9}.Debug|Any CPU.ActiveCfg = Debug|Any CPU
		{C5566350-5299-492A-884B-E5A1050B42A9}.Debug|Any CPU.Build.0 = Debug|Any CPU
		{C5566350-5299-492A-884B-E5A1050B42A9}.Release|Any CPU.ActiveCfg = Release|Any CPU
		{C5566350-5299-492A-884B-E5A1050B42A9}.Release|Any CPU.Build.0 = Release|Any CPU
	EndGlobalSection
	GlobalSection(SolutionProperties) = preSolution
		HideSolutionNode = FALSE
	EndGlobalSection
	GlobalSection(ExtensibilityGlobals) = postSolution
		SolutionGuid = {E5C03E6C-2EAD-4166-B00A-32A1EC7AF026}
	EndGlobalSection
EndGlobal
